
Microsoft Visual Studio Solution File, Format Version 12.00
# Visual Studio 14
VisualStudioVersion = 14.0.25420.1
MinimumVisualStudioVersion = 10.0.40219.1
Project("{FAE04EC0-301F-11D3-BF4B-00C04F79EFBC}") = "TestYahooYQLFinanceAPI", "TestYahooYQLFinanceAPI\TestYahooYQLFinanceAPI.csproj", "{A59D07D8-4A8F-44C8-A7CF-F4D520F739E3}"
EndProject
Project("{FAE04EC0-301F-11D3-BF4B-00C04F79EFBC}") = "TestYahooYQLFinanceAPIWF", "TestYahooYQLFinanceAPIWF\TestYahooYQLFinanceAPIWF.csproj", "{4DA90896-C5E1-448F-A526-63F4BF8ECBB9}"
EndProject
Project("{FAE04EC0-301F-11D3-BF4B-00C04F79EFBC}") = "TestYahooYQLFinanceAPIWPF", "TestYahooYQLFinanceAPIWPF\TestYahooYQLFinanceAPIWPF.csproj", "{8E1CC143-F782-4827-9147-82E54AC70E80}"
EndProject
Project("{FAE04EC0-301F-11D3-BF4B-00C04F79EFBC}") = "TestYahooYQLFinanceAPIUniversal", "TestYahooYQLFinanceAPIUniversal\TestYahooYQLFinanceAPIUniversal.csproj", "{ED8EAC5C-1FDA-4C73-B3F5-16F6415BD108}"
EndProject
Global
	GlobalSection(SolutionConfigurationPlatforms) = preSolution
		Debug|Any CPU = Debug|Any CPU
		Debug|ARM = Debug|ARM
		Debug|x64 = Debug|x64
		Debug|x86 = Debug|x86
		Release|Any CPU = Release|Any CPU
		Release|ARM = Release|ARM
		Release|x64 = Release|x64
		Release|x86 = Release|x86
	EndGlobalSection
	GlobalSection(ProjectConfigurationPlatforms) = postSolution
		{A59D07D8-4A8F-44C8-A7CF-F4D520F739E3}.Debug|Any CPU.ActiveCfg = Debug|Any CPU
		{A59D07D8-4A8F-44C8-A7CF-F4D520F739E3}.Debug|Any CPU.Build.0 = Debug|Any CPU
		{A59D07D8-4A8F-44C8-A7CF-F4D520F739E3}.Debug|ARM.ActiveCfg = Debug|Any CPU
		{A59D07D8-4A8F-44C8-A7CF-F4D520F739E3}.Debug|ARM.Build.0 = Debug|Any CPU
		{A59D07D8-4A8F-44C8-A7CF-F4D520F739E3}.Debug|x64.ActiveCfg = Debug|Any CPU
		{A59D07D8-4A8F-44C8-A7CF-F4D520F739E3}.Debug|x64.Build.0 = Debug|Any CPU
		{A59D07D8-4A8F-44C8-A7CF-F4D520F739E3}.Debug|x86.ActiveCfg = Debug|Any CPU
		{A59D07D8-4A8F-44C8-A7CF-F4D520F739E3}.Debug|x86.Build.0 = Debug|Any CPU
		{A59D07D8-4A8F-44C8-A7CF-F4D520F739E3}.Release|Any CPU.ActiveCfg = Release|Any CPU
		{A59D07D8-4A8F-44C8-A7CF-F4D520F739E3}.Release|Any CPU.Build.0 = Release|Any CPU
		{A59D07D8-4A8F-44C8-A7CF-F4D520F739E3}.Release|ARM.ActiveCfg = Release|Any CPU
		{A59D07D8-4A8F-44C8-A7CF-F4D520F739E3}.Release|ARM.Build.0 = Release|Any CPU
		{A59D07D8-4A8F-44C8-A7CF-F4D520F739E3}.Release|x64.ActiveCfg = Release|Any CPU
		{A59D07D8-4A8F-44C8-A7CF-F4D520F739E3}.Release|x64.Build.0 = Release|Any CPU
		{A59D07D8-4A8F-44C8-A7CF-F4D520F739E3}.Release|x86.ActiveCfg = Release|Any CPU
		{A59D07D8-4A8F-44C8-A7CF-F4D520F739E3}.Release|x86.Build.0 = Release|Any CPU
		{4DA90896-C5E1-448F-A526-63F4BF8ECBB9}.Debug|Any CPU.ActiveCfg = Debug|Any CPU
		{4DA90896-C5E1-448F-A526-63F4BF8ECBB9}.Debug|Any CPU.Build.0 = Debug|Any CPU
		{4DA90896-C5E1-448F-A526-63F4BF8ECBB9}.Debug|ARM.ActiveCfg = Debug|Any CPU
		{4DA90896-C5E1-448F-A526-63F4BF8ECBB9}.Debug|ARM.Build.0 = Debug|Any CPU
		{4DA90896-C5E1-448F-A526-63F4BF8ECBB9}.Debug|x64.ActiveCfg = Debug|Any CPU
		{4DA90896-C5E1-448F-A526-63F4BF8ECBB9}.Debug|x64.Build.0 = Debug|Any CPU
		{4DA90896-C5E1-448F-A526-63F4BF8ECBB9}.Debug|x86.ActiveCfg = Debug|Any CPU
		{4DA90896-C5E1-448F-A526-63F4BF8ECBB9}.Debug|x86.Build.0 = Debug|Any CPU
		{4DA90896-C5E1-448F-A526-63F4BF8ECBB9}.Release|Any CPU.ActiveCfg = Release|Any CPU
		{4DA90896-C5E1-448F-A526-63F4BF8ECBB9}.Release|Any CPU.Build.0 = Release|Any CPU
		{4DA90896-C5E1-448F-A526-63F4BF8ECBB9}.Release|ARM.ActiveCfg = Release|Any CPU
		{4DA90896-C5E1-448F-A526-63F4BF8ECBB9}.Release|ARM.Build.0 = Release|Any CPU
		{4DA90896-C5E1-448F-A526-63F4BF8ECBB9}.Release|x64.ActiveCfg = Release|Any CPU
		{4DA90896-C5E1-448F-A526-63F4BF8ECBB9}.Release|x64.Build.0 = Release|Any CPU
		{4DA90896-C5E1-448F-A526-63F4BF8ECBB9}.Release|x86.ActiveCfg = Release|Any CPU
		{4DA90896-C5E1-448F-A526-63F4BF8ECBB9}.Release|x86.Build.0 = Release|Any CPU
		{8E1CC143-F782-4827-9147-82E54AC70E80}.Debug|Any CPU.ActiveCfg = Debug|Any CPU
		{8E1CC143-F782-4827-9147-82E54AC70E80}.Debug|Any CPU.Build.0 = Debug|Any CPU
		{8E1CC143-F782-4827-9147-82E54AC70E80}.Debug|ARM.ActiveCfg = Debug|Any CPU
		{8E1CC143-F782-4827-9147-82E54AC70E80}.Debug|ARM.Build.0 = Debug|Any CPU
		{8E1CC143-F782-4827-9147-82E54AC70E80}.Debug|x64.ActiveCfg = Debug|Any CPU
		{8E1CC143-F782-4827-9147-82E54AC70E80}.Debug|x64.Build.0 = Debug|Any CPU
		{8E1CC143-F782-4827-9147-82E54AC70E80}.Debug|x86.ActiveCfg = Debug|Any CPU
		{8E1CC143-F782-4827-9147-82E54AC70E80}.Debug|x86.Build.0 = Debug|Any CPU
		{8E1CC143-F782-4827-9147-82E54AC70E80}.Release|Any CPU.ActiveCfg = Release|Any CPU
		{8E1CC143-F782-4827-9147-82E54AC70E80}.Release|Any CPU.Build.0 = Release|Any CPU
		{8E1CC143-F782-4827-9147-82E54AC70E80}.Release|ARM.ActiveCfg = Release|Any CPU
		{8E1CC143-F782-4827-9147-82E54AC70E80}.Release|ARM.Build.0 = Release|Any CPU
		{8E1CC143-F782-4827-9147-82E54AC70E80}.Release|x64.ActiveCfg = Release|Any CPU
		{8E1CC143-F782-4827-9147-82E54AC70E80}.Release|x64.Build.0 = Release|Any CPU
		{8E1CC143-F782-4827-9147-82E54AC70E80}.Release|x86.ActiveCfg = Release|Any CPU
		{8E1CC143-F782-4827-9147-82E54AC70E80}.Release|x86.Build.0 = Release|Any CPU
		{ED8EAC5C-1FDA-4C73-B3F5-16F6415BD108}.Debug|Any CPU.ActiveCfg = Debug|x86
		{ED8EAC5C-1FDA-4C73-B3F5-16F6415BD108}.Debug|ARM.ActiveCfg = Debug|ARM
		{ED8EAC5C-1FDA-4C73-B3F5-16F6415BD108}.Debug|ARM.Build.0 = Debug|ARM
		{ED8EAC5C-1FDA-4C73-B3F5-16F6415BD108}.Debug|ARM.Deploy.0 = Debug|ARM
		{ED8EAC5C-1FDA-4C73-B3F5-16F6415BD108}.Debug|x64.ActiveCfg = Debug|x64
		{ED8EAC5C-1FDA-4C73-B3F5-16F6415BD108}.Debug|x64.Build.0 = Debug|x64
		{ED8EAC5C-1FDA-4C73-B3F5-16F6415BD108}.Debug|x64.Deploy.0 = Debug|x64
		{ED8EAC5C-1FDA-4C73-B3F5-16F6415BD108}.Debug|x86.ActiveCfg = Debug|x86
		{ED8EAC5C-1FDA-4C73-B3F5-16F6415BD108}.Debug|x86.Build.0 = Debug|x86
		{ED8EAC5C-1FDA-4C73-B3F5-16F6415BD108}.Debug|x86.Deploy.0 = Debug|x86
		{ED8EAC5C-1FDA-4C73-B3F5-16F6415BD108}.Release|Any CPU.ActiveCfg = Release|x86
		{ED8EAC5C-1FDA-4C73-B3F5-16F6415BD108}.Release|ARM.ActiveCfg = Release|ARM
		{ED8EAC5C-1FDA-4C73-B3F5-16F6415BD108}.Release|ARM.Build.0 = Release|ARM
		{ED8EAC5C-1FDA-4C73-B3F5-16F6415BD108}.Release|ARM.Deploy.0 = Release|ARM
		{ED8EAC5C-1FDA-4C73-B3F5-16F6415BD108}.Release|x64.ActiveCfg = Release|x64
		{ED8EAC5C-1FDA-4C73-B3F5-16F6415BD108}.Release|x64.Build.0 = Release|x64
		{ED8EAC5C-1FDA-4C73-B3F5-16F6415BD108}.Release|x64.Deploy.0 = Release|x64
		{ED8EAC5C-1FDA-4C73-B3F5-16F6415BD108}.Release|x86.ActiveCfg = Release|x86
		{ED8EAC5C-1FDA-4C73-B3F5-16F6415BD108}.Release|x86.Build.0 = Release|x86
		{ED8EAC5C-1FDA-4C73-B3F5-16F6415BD108}.Release|x86.Deploy.0 = Release|x86
	EndGlobalSection
	GlobalSection(SolutionProperties) = preSolution
		HideSolutionNode = FALSE
	EndGlobalSection
EndGlobal
